
Microsoft Visual Studio Solution File, Format Version 12.00
# Visual Studio Version 16
VisualStudioVersion = 16.0.30503.244
MinimumVisualStudioVersion = 10.0.40219.1
Project("{FAE04EC0-301F-11D3-BF4B-00C04F79EFBC}") = "Test", "Test\Test.csproj", "{24E6BFA8-3CF7-4A11-9D07-C21BFB2FD830}"
EndProject
Project("{2150E333-8FDC-42A3-9474-1A3956D46DE8}") = "фитнес", "фитнес", "{B92B7905-291A-49E7-A857-907EFDA2F653}"
	ProjectSection(SolutionItems) = preProject
		Test\MainWindow.xaml = Test\MainWindow.xaml
		Test\MainWindow.xaml.cs = Test\MainWindow.xaml.cs
	EndProjectSection
EndProject
Global
	GlobalSection(SolutionConfigurationPlatforms) = preSolution
		Debug|Any CPU = Debug|Any CPU
		Release|Any CPU = Release|Any CPU
	EndGlobalSection
	GlobalSection(ProjectConfigurationPlatforms) = postSolution
		{24E6BFA8-3CF7-4A11-9D07-C21BFB2FD830}.Debug|Any CPU.ActiveCfg = Debug|Any CPU
		{24E6BFA8-3CF7-4A11-9D07-C21BFB2FD830}.Debug|Any CPU.Build.0 = Debug|Any CPU
		{24E6BFA8-3CF7-4A11-9D07-C21BFB2FD830}.Release|Any CPU.ActiveCfg = Release|Any CPU
		{24E6BFA8-3CF7-4A11-9D07-C21BFB2FD830}.Release|Any CPU.Build.0 = Release|Any CPU
	EndGlobalSection
	GlobalSection(SolutionProperties) = preSolution
		HideSolutionNode = FALSE
	EndGlobalSection
	GlobalSection(ExtensibilityGlobals) = postSolution
		SolutionGuid = {B9C30F11-AC79-430F-9214-54646C8355D6}
	EndGlobalSection
EndGlobal
